github.com/Code-Hex/Neo-cowsay v1.0.1 h1:HdQlCi5tvnY+vxUV9xVJMqWKXz7NQPJ+SmRWeO4Fi5w=
github.com/Code-Hex/Neo-cowsay v1.0.1/go.mod h1:kxWXhHadnCsr8ThYKoaPlCW8XTZ538ulDTbM5f0CpR0=
github.com/Code-Hex/go-wordwrap v1.0.0 h1:yl5fLyZEz3+hPGbpTRlTQ8mQJ1HXWcTq1FCNR1ch6zM=
github.com/Code-Hex/go-wordwrap v1.0.0/go.mod h1:/SsbgkY2Q0aPQRyvXcyQwWYTQOIwSORKe6MPjRVGIWU=
github.com/davecgh/go-spew v1.1.0/go.mod h1:J7Y8YcW2NihsgmVo/mv3lAwl/skON4iLHjSsI+c5H38=
github.com/goTelegramBot/telepher v0.0.0-20210624074212-eebe6cae57fc h1:r/UdsrpCpKXwsPex4UjmIgAnyzuSqSO5jSKVN3BFO+w=
github.com/goTelegramBot/telepher v0.0.0-20210624074212-eebe6cae57fc/go.mod h1:LK9BCp25SgTKZSCqghCS7PoGSJVqP/LaUHu1a2jL0Ag=
github.com/jessevdk/go-flags v1.4.0/go.mod h1:4FA24M0QyGHXBuZZK/XkWh8h0e1EYbRYJSGM75WSRxI=
github.com/mattn/go-colorable v0.1.1/go.mod h1:FuOcm+DKB9mbwrcAfNl7/TZVBZ6rcnceauSikq3lYCQ=
github.com/mattn/go-isatty v0.0.5/go.mod h1:Iq45c/XA43vh69/j3iqttzPXn0bhXyGjM0Hdxcsrc5s=
github.com/mattn/go-runewidth v0.0.7 h1:Ei8KR0497xHyKJPAv59M1dkC+rOZCMBJ+t3fZ+twI54=
github.com/mattn/go-runewidth v0.0.7/go.mod h1:H031xJmbD/WCDINGzjvQ9THkh0rPKHF+m2gUSrubnMI=
github.com/nbutton23/zxcvbn-go v0.0.0-20210217022336-fa2cb2858354 h1:4kuARK6Y6FxaNu/BnU2OAaLF86eTVhP2hjTB6iMvItA=
github.com/nbutton23/zxcvbn-go v0.0.0-20210217022336-fa2cb2858354/go.mod h1:KSVJerMDfblTH7p5MZaTt+8zaT2iEk3AkVb9PQdZuE8=
github.com/pkg/errors v0.8.1 h1:iURUrRGxPUNPdy5/HRSm+Yj6okJ6UtLINN0Q9M4+h3I=
github.com/pkg/errors v0.8.1/go.mod h1:bwawxfHBFNV+L2hUp1rHADufV3IMtnDRdf1r5NINEl0=
github.com/pmezard/go-difflib v1.0.0/go.mod h1:iKH77koFhYxTK1pcRnkKkqfTogsbg7gZNVY4sRDYZ/4=
github.com/stretchr/testify v1.1.4/go.mod h1:a8OnRcib4nhh0OaRAV+Yts87kKdq0PP7pXfy6kDkUVs=
golang.org/x/crypto v0.0.0-20190211182817-74369b46fc67/go.mod h1:6SG95UA2DQfeDnfUPMdvaQW0Q7yPrPDi9nlGo2tz2b4=
golang.org/x/sys v0.0.0-20190222072716-a9d3bda3a223/go.mod h1:STP8DvDyc/dI5b8T5hshtkjS+E42TnysNCUPdjciGhY=
